
Microsoft Visual Studio Solution File, Format Version 12.00
# Visual Studio 2013
VisualStudioVersion = 12.0.31101.0
MinimumVisualStudioVersion = 10.0.40219.1
Project("{FAE04EC0-301F-11D3-BF4B-00C04F79EFBC}") = "BkTree", "BkTree\BkTree.csproj", "{CF3584B4-7C3F-41A8-BBF5-79A46704D48D}"
EndProject
Project("{FAE04EC0-301F-11D3-BF4B-00C04F79EFBC}") = "BkTreeTest", "BkTreeTest\BkTreeTest.csproj", "{8B600D0C-39F3-4EF7-9E74-D8D3151A1EAA}"
EndProject
Global
	GlobalSection(SolutionConfigurationPlatforms) = preSolution
		Debug|Any CPU = Debug|Any CPU
		Release|Any CPU = Release|Any CPU
	EndGlobalSection
	GlobalSection(ProjectConfigurationPlatforms) = postSolution
		{CF3584B4-7C3F-41A8-BBF5-79A46704D48D}.Debug|Any CPU.ActiveCfg = Debug|Any CPU
		{CF3584B4-7C3F-41A8-BBF5-79A46704D48D}.Debug|Any CPU.Build.0 = Debug|Any CPU
		{CF3584B4-7C3F-41A8-BBF5-79A46704D48D}.Release|Any CPU.ActiveCfg = Release|Any CPU
		{CF3584B4-7C3F-41A8-BBF5-79A46704D48D}.Release|Any CPU.Build.0 = Release|Any CPU
		{8B600D0C-39F3-4EF7-9E74-D8D3151A1EAA}.Debug|Any CPU.ActiveCfg = Debug|Any CPU
		{8B600D0C-39F3-4EF7-9E74-D8D3151A1EAA}.Debug|Any CPU.Build.0 = Debug|Any CPU
		{8B600D0C-39F3-4EF7-9E74-D8D3151A1EAA}.Release|Any CPU.ActiveCfg = Release|Any CPU
		{8B600D0C-39F3-4EF7-9E74-D8D3151A1EAA}.Release|Any CPU.Build.0 = Release|Any CPU
	EndGlobalSection
	GlobalSection(SolutionProperties) = preSolution
		HideSolutionNode = FALSE
	EndGlobalSection
EndGlobal
